<?xml version="1.0" encoding="utf-8"?>
<Project ToolsVersion="4.0" xmlns="http://schemas.microsoft.com/developer/msbuild/2003">
  <ItemGroup>
    <Filter Include="Source Files">
      <UniqueIdentifier>{4FC737F1-C7A5-4376-A066-2A32D752A2FF}</UniqueIdentifier>
      <Extensions>cpp;c;cc;cxx;c++;cppm;ixx;def;odl;idl;hpj;bat;asm;asmx</Extensions>
    </Filter>
    <Filter Include="Header Files">
      <UniqueIdentifier>{93995380-89BD-4b04-88EB-625FBE52EBFB}</UniqueIdentifier>
      <Extensions>h;hh;hpp;hxx;h++;hm;inl;inc;ipp;xsd</Extensions>
    </Filter>
    <Filter Include="Resource Files">
      <UniqueIdentifier>{67DA6AB6-F800-4c08-8B7A-83BB121AAD01}</UniqueIdentifier>
      <Extensions>rc;ico;cur;bmp;dlg;rc2;rct;bin;rgs;gif;jpg;jpeg;jpe;resx;tiff;tif;png;wav;mfcribbon-ms</Extensions>
    </Filter>
  </ItemGroup>
  <ItemGroup>
    <ClInclude Include="framework.h">
      <Filter>Header Files</Filter>
    </ClInclude>
    <ClInclude Include="pch.h">
      <Filter>Header Files</Filter>
    </ClInclude>
    <ClInclude Include="securelib.h">
      <Filter>Header Files</Filter>
    </ClInclude>
    <ClInclude Include="Blowfish.h">
      <Filter>Header Files</Filter>
    </ClInclude>
    <ClInclude Include="lockerleger.h">
      <Filter>Header Files</Filter>
    </ClInclude>
    <ClInclude Include="lockerfiles.h">
      <Filter>Header Files</Filter>
    </ClInclude>
    <ClInclude Include="lockerlog.h">
      <Filter>Header Files</Filter>
    </ClInclude>
    <ClInclude Include="lockerhttp.h">
      <Filter>Header Files</Filter>
    </ClInclude>
  </ItemGroup>
  <ItemGroup>
    <ClCompile Include="securelib.cpp">
      <Filter>Source Files</Filter>
    </ClCompile>
    <ClCompile Include="pch.cpp">
      <Filter>Source Files</Filter>
    </ClCompile>
    <ClCompile Include="BlowFish.cpp">
      <Filter>Source Files</Filter>
    </ClCompile>
    <ClCompile Include="..\..\SHA256\src\SHA256.cpp">
      <Filter>Source Files</Filter>
    </ClCompile>
    <ClCompile Include="..\..\crossguid\src\guid.cpp">
      <Filter>Source Files</Filter>
    </ClCompile>
    <ClCompile Include="lockerleger.cpp">
      <Filter>Source Files</Filter>
    </ClCompile>
    <ClCompile Include="lockerfiles.cpp">
      <Filter>Source Files</Filter>
    </ClCompile>
    <ClCompile Include="lockerhttp.cpp">
      <Filter>Source Files</Filter>
    </ClCompile>
  </ItemGroup>
</Project>